
Microsoft Visual Studio Solution File, Format Version 12.00
# Visual Studio Version 17
VisualStudioVersion = 17.11.35219.272
MinimumVisualStudioVersion = 10.0.40219.1
Project("{FAE04EC0-301F-11D3-BF4B-00C04F79EFBC}") = "CoreAPI", "CoreAPI\CoreAPI.csproj", "{5CFC8A4E-9B12-449D-87D5-72BA49F14084}"
EndProject
Global
	GlobalSection(SolutionConfigurationPlatforms) = preSolution
		Debug|Any CPU = Debug|Any CPU
		Release|Any CPU = Release|Any CPU
	EndGlobalSection
	GlobalSection(ProjectConfigurationPlatforms) = postSolution
		{5CFC8A4E-9B12-449D-87D5-72BA49F14084}.Debug|Any CPU.ActiveCfg = Debug|Any CPU
		{5CFC8A4E-9B12-449D-87D5-72BA49F14084}.Debug|Any CPU.Build.0 = Debug|Any CPU
		{5CFC8A4E-9B12-449D-87D5-72BA49F14084}.Release|Any CPU.ActiveCfg = Release|Any CPU
		{5CFC8A4E-9B12-449D-87D5-72BA49F14084}.Release|Any CPU.Build.0 = Release|Any CPU
	EndGlobalSection
	GlobalSection(SolutionProperties) = preSolution
		HideSolutionNode = FALSE
	EndGlobalSection
	GlobalSection(ExtensibilityGlobals) = postSolution
		SolutionGuid = {9AB8E05A-EF5F-4BAB-999A-8FA0D738697A}
	EndGlobalSection
EndGlobal
